// !$*UTF8*$!
{
	archiveVersion = 1;
	classes = {
	};
	objectVersion = 56;
	objects = {

/* Begin PBXBuildFile section */
		A10000000000000000000001 /* ClaudeNotifyApp.swift in Sources */ = {isa = PBXBuildFile; fileRef = A20000000000000000000001 /* ClaudeNotifyApp.swift */; };
		A10000000000000000000002 /* HTTPParser.swift in Sources */ = {isa = PBXBuildFile; fileRef = A20000000000000000000002 /* HTTPParser.swift */; };
		A10000000000000000000003 /* HTTPServer.swift in Sources */ = {isa = PBXBuildFile; fileRef = A20000000000000000000003 /* HTTPServer.swift */; };
		A10000000000000000000004 /* HookPayload.swift in Sources */ = {isa = PBXBuildFile; fileRef = A20000000000000000000004 /* HookPayload.swift */; };
		A10000000000000000000005 /* Models.swift in Sources */ = {isa = PBXBuildFile; fileRef = A20000000000000000000005 /* Models.swift */; };
		A10000000000000000000006 /* NotificationManager.swift in Sources */ = {isa = PBXBuildFile; fileRef = A20000000000000000000006 /* NotificationManager.swift */; };
		A10000000000000000000007 /* HistoryStore.swift in Sources */ = {isa = PBXBuildFile; fileRef = A20000000000000000000007 /* HistoryStore.swift */; };
		A10000000000000000000008 /* SettingsStore.swift in Sources */ = {isa = PBXBuildFile; fileRef = A20000000000000000000008 /* SettingsStore.swift */; };
		A10000000000000000000009 /* SettingsManager.swift in Sources */ = {isa = PBXBuildFile; fileRef = A20000000000000000000009 /* SettingsManager.swift */; };
		A1000000000000000000000A /* MenuBarView.swift in Sources */ = {isa = PBXBuildFile; fileRef = A2000000000000000000000A /* MenuBarView.swift */; };
		A1000000000000000000000B /* HistoryRowView.swift in Sources */ = {isa = PBXBuildFile; fileRef = A2000000000000000000000B /* HistoryRowView.swift */; };

		A1000000000000000000000E /* Assets.xcassets in Resources */ = {isa = PBXBuildFile; fileRef = A2000000000000000000000E /* Assets.xcassets */; };
		A1000000000000000000000F /* AppIcon.icns in Resources */ = {isa = PBXBuildFile; fileRef = A20000000000000000000010 /* AppIcon.icns */; };
		A10000000000000000000010 /* FloatingNotificationManager.swift in Sources */ = {isa = PBXBuildFile; fileRef = A20000000000000000000011 /* FloatingNotificationManager.swift */; };
		A10000000000000000000011 /* FloatingNotificationViewModel.swift in Sources */ = {isa = PBXBuildFile; fileRef = A20000000000000000000012 /* FloatingNotificationViewModel.swift */; };
		A10000000000000000000012 /* FloatingNotificationView.swift in Sources */ = {isa = PBXBuildFile; fileRef = A20000000000000000000013 /* FloatingNotificationView.swift */; };
		A10000000000000000000013 /* NotificationStackViewModel.swift in Sources */ = {isa = PBXBuildFile; fileRef = A20000000000000000000014 /* NotificationStackViewModel.swift */; };
		A10000000000000000000014 /* NotificationStackView.swift in Sources */ = {isa = PBXBuildFile; fileRef = A20000000000000000000015 /* NotificationStackView.swift */; };
		A10000000000000000000015 /* TranscriptReader.swift in Sources */ = {isa = PBXBuildFile; fileRef = A20000000000000000000016 /* TranscriptReader.swift */; };
		A10000000000000000000016 /* PassThroughWindow.swift in Sources */ = {isa = PBXBuildFile; fileRef = A20000000000000000000017 /* PassThroughWindow.swift */; };
		A10000000000000000000018 /* ManagementWindow.swift in Sources */ = {isa = PBXBuildFile; fileRef = A20000000000000000000018 /* ManagementWindow.swift */; };
		A10000000000000000000019 /* ManagementView.swift in Sources */ = {isa = PBXBuildFile; fileRef = A20000000000000000000019 /* ManagementView.swift */; };

		A1000000000000000000001D /* NotificationHistoryView.swift in Sources */ = {isa = PBXBuildFile; fileRef = A2000000000000000000001D /* NotificationHistoryView.swift */; };
		A1000000000000000000001E /* SettingsWatcher.swift in Sources */ = {isa = PBXBuildFile; fileRef = A2000000000000000000001E /* SettingsWatcher.swift */; };
		A1000000000000000000001F /* ConfigView.swift in Sources */ = {isa = PBXBuildFile; fileRef = A2000000000000000000001F /* ConfigView.swift */; };
		A10000000000000000000020 /* MenuPanelLayout.swift in Sources */ = {isa = PBXBuildFile; fileRef = A20000000000000000000020 /* MenuPanelLayout.swift */; };
		A10000000000000000000021 /* PanelFocusAutoCloser.swift in Sources */ = {isa = PBXBuildFile; fileRef = A20000000000000000000021 /* PanelFocusAutoCloser.swift */; };
		A10000000000000000000022 /* CodeTextEditor.swift in Sources */ = {isa = PBXBuildFile; fileRef = A20000000000000000000022 /* CodeTextEditor.swift */; };
/* End PBXBuildFile section */

/* Begin PBXFileReference section */
		A20000000000000000000001 /* ClaudeNotifyApp.swift */ = {isa = PBXFileReference; lastKnownFileType = sourcecode.swift; path = ClaudeNotifyApp.swift; sourceTree = "<group>"; };
		A20000000000000000000002 /* HTTPParser.swift */ = {isa = PBXFileReference; lastKnownFileType = sourcecode.swift; path = HTTPParser.swift; sourceTree = "<group>"; };
		A20000000000000000000003 /* HTTPServer.swift */ = {isa = PBXFileReference; lastKnownFileType = sourcecode.swift; path = HTTPServer.swift; sourceTree = "<group>"; };
		A20000000000000000000004 /* HookPayload.swift */ = {isa = PBXFileReference; lastKnownFileType = sourcecode.swift; path = HookPayload.swift; sourceTree = "<group>"; };
		A20000000000000000000005 /* Models.swift */ = {isa = PBXFileReference; lastKnownFileType = sourcecode.swift; path = Models.swift; sourceTree = "<group>"; };
		A20000000000000000000006 /* NotificationManager.swift */ = {isa = PBXFileReference; lastKnownFileType = sourcecode.swift; path = NotificationManager.swift; sourceTree = "<group>"; };
		A20000000000000000000007 /* HistoryStore.swift */ = {isa = PBXFileReference; lastKnownFileType = sourcecode.swift; path = HistoryStore.swift; sourceTree = "<group>"; };
		A20000000000000000000008 /* SettingsStore.swift */ = {isa = PBXFileReference; lastKnownFileType = sourcecode.swift; path = SettingsStore.swift; sourceTree = "<group>"; };
		A20000000000000000000009 /* SettingsManager.swift */ = {isa = PBXFileReference; lastKnownFileType = sourcecode.swift; path = SettingsManager.swift; sourceTree = "<group>"; };
		A2000000000000000000000A /* MenuBarView.swift */ = {isa = PBXFileReference; lastKnownFileType = sourcecode.swift; path = MenuBarView.swift; sourceTree = "<group>"; };
		A2000000000000000000000B /* HistoryRowView.swift */ = {isa = PBXFileReference; lastKnownFileType = sourcecode.swift; path = HistoryRowView.swift; sourceTree = "<group>"; };

		A30000000000000000000001 /* ClaudeNotify.app */ = {isa = PBXFileReference; explicitFileType = wrapper.application; includeInIndex = 0; path = ClaudeNotify.app; sourceTree = BUILT_PRODUCTS_DIR; };
		A2000000000000000000000E /* Assets.xcassets */ = {isa = PBXFileReference; lastKnownFileType = folder.assetcatalog; path = Assets.xcassets; sourceTree = "<group>"; };
		A2000000000000000000000F /* Info.plist */ = {isa = PBXFileReference; lastKnownFileType = text.plist.xml; path = Info.plist; sourceTree = "<group>"; };
		A20000000000000000000010 /* AppIcon.icns */ = {isa = PBXFileReference; lastKnownFileType = archive.icns; path = AppIcon.icns; sourceTree = "<group>"; };
		A20000000000000000000011 /* FloatingNotificationManager.swift */ = {isa = PBXFileReference; lastKnownFileType = sourcecode.swift; path = FloatingNotificationManager.swift; sourceTree = "<group>"; };
		A20000000000000000000012 /* FloatingNotificationViewModel.swift */ = {isa = PBXFileReference; lastKnownFileType = sourcecode.swift; path = FloatingNotificationViewModel.swift; sourceTree = "<group>"; };
		A20000000000000000000013 /* FloatingNotificationView.swift */ = {isa = PBXFileReference; lastKnownFileType = sourcecode.swift; path = FloatingNotificationView.swift; sourceTree = "<group>"; };
		A20000000000000000000014 /* NotificationStackViewModel.swift */ = {isa = PBXFileReference; lastKnownFileType = sourcecode.swift; path = NotificationStackViewModel.swift; sourceTree = "<group>"; };
		A20000000000000000000015 /* NotificationStackView.swift */ = {isa = PBXFileReference; lastKnownFileType = sourcecode.swift; path = NotificationStackView.swift; sourceTree = "<group>"; };
		A20000000000000000000016 /* TranscriptReader.swift */ = {isa = PBXFileReference; lastKnownFileType = sourcecode.swift; path = TranscriptReader.swift; sourceTree = "<group>"; };
		A20000000000000000000017 /* PassThroughWindow.swift */ = {isa = PBXFileReference; lastKnownFileType = sourcecode.swift; path = PassThroughWindow.swift; sourceTree = "<group>"; };
		A20000000000000000000018 /* ManagementWindow.swift */ = {isa = PBXFileReference; lastKnownFileType = sourcecode.swift; path = ManagementWindow.swift; sourceTree = "<group>"; };
		A20000000000000000000019 /* ManagementView.swift */ = {isa = PBXFileReference; lastKnownFileType = sourcecode.swift; path = ManagementView.swift; sourceTree = "<group>"; };

		A2000000000000000000001D /* NotificationHistoryView.swift */ = {isa = PBXFileReference; lastKnownFileType = sourcecode.swift; path = NotificationHistoryView.swift; sourceTree = "<group>"; };
		A2000000000000000000001E /* SettingsWatcher.swift */ = {isa = PBXFileReference; lastKnownFileType = sourcecode.swift; path = SettingsWatcher.swift; sourceTree = "<group>"; };
		A2000000000000000000001F /* ConfigView.swift */ = {isa = PBXFileReference; lastKnownFileType = sourcecode.swift; path = ConfigView.swift; sourceTree = "<group>"; };
		A20000000000000000000020 /* MenuPanelLayout.swift */ = {isa = PBXFileReference; lastKnownFileType = sourcecode.swift; path = MenuPanelLayout.swift; sourceTree = "<group>"; };
		A20000000000000000000021 /* PanelFocusAutoCloser.swift */ = {isa = PBXFileReference; lastKnownFileType = sourcecode.swift; path = PanelFocusAutoCloser.swift; sourceTree = "<group>"; };
		A20000000000000000000022 /* CodeTextEditor.swift */ = {isa = PBXFileReference; lastKnownFileType = sourcecode.swift; path = CodeTextEditor.swift; sourceTree = "<group>"; };
/* End PBXFileReference section */

/* Begin PBXResourcesBuildPhase section */
		A40000000000000000000003 /* Resources */ = {
			isa = PBXResourcesBuildPhase;
			buildActionMask = 2147483647;
			files = (
				A1000000000000000000000E /* Assets.xcassets in Resources */,
				A1000000000000000000000F /* AppIcon.icns in Resources */,
			);
			runOnlyForDeploymentPostprocessing = 0;
		};
/* End PBXResourcesBuildPhase section */

/* Begin PBXFrameworksBuildPhase section */
		A40000000000000000000002 /* Frameworks */ = {
			isa = PBXFrameworksBuildPhase;
			buildActionMask = 2147483647;
			files = (
			);
			runOnlyForDeploymentPostprocessing = 0;
		};
/* End PBXFrameworksBuildPhase section */

/* Begin PBXGroup section */
		A50000000000000000000001 /* Root */ = {
			isa = PBXGroup;
			children = (
				A50000000000000000000002 /* ClaudeNotify */,
				A50000000000000000000003 /* Products */,
			);
			sourceTree = "<group>";
		};
		A50000000000000000000002 /* ClaudeNotify */ = {
			isa = PBXGroup;
			children = (
				A20000000000000000000001 /* ClaudeNotifyApp.swift */,
				A20000000000000000000005 /* Models.swift */,
				A20000000000000000000004 /* HookPayload.swift */,
				A20000000000000000000003 /* HTTPServer.swift */,
				A20000000000000000000002 /* HTTPParser.swift */,
				A20000000000000000000006 /* NotificationManager.swift */,
				A20000000000000000000007 /* HistoryStore.swift */,
				A20000000000000000000008 /* SettingsStore.swift */,
				A20000000000000000000009 /* SettingsManager.swift */,
				A20000000000000000000020 /* MenuPanelLayout.swift */,
				A20000000000000000000021 /* PanelFocusAutoCloser.swift */,
				A2000000000000000000000A /* MenuBarView.swift */,
				A2000000000000000000000B /* HistoryRowView.swift */,

				A2000000000000000000000E /* Assets.xcassets */,
				A2000000000000000000000F /* Info.plist */,
				A20000000000000000000010 /* AppIcon.icns */,
				A20000000000000000000011 /* FloatingNotificationManager.swift */,
				A20000000000000000000012 /* FloatingNotificationViewModel.swift */,
				A20000000000000000000013 /* FloatingNotificationView.swift */,
				A20000000000000000000014 /* NotificationStackViewModel.swift */,
				A20000000000000000000015 /* NotificationStackView.swift */,
				A20000000000000000000016 /* TranscriptReader.swift */,
				A20000000000000000000017 /* PassThroughWindow.swift */,
				A20000000000000000000018 /* ManagementWindow.swift */,
				A20000000000000000000019 /* ManagementView.swift */,

				A2000000000000000000001D /* NotificationHistoryView.swift */,
				A2000000000000000000001E /* SettingsWatcher.swift */,
				A2000000000000000000001F /* ConfigView.swift */,
				A20000000000000000000022 /* CodeTextEditor.swift */,
			);
			path = ClaudeNotify;
			sourceTree = "<group>";
		};
		A50000000000000000000003 /* Products */ = {
			isa = PBXGroup;
			children = (
				A30000000000000000000001 /* ClaudeNotify.app */,
			);
			name = Products;
			sourceTree = "<group>";
		};
/* End PBXGroup section */

/* Begin PBXNativeTarget section */
		A60000000000000000000001 /* ClaudeNotify */ = {
			isa = PBXNativeTarget;
			buildConfigurationList = A80000000000000000000002 /* Build configuration list for PBXNativeTarget "ClaudeNotify" */;
			buildPhases = (
				A40000000000000000000001 /* Sources */,
				A40000000000000000000002 /* Frameworks */,
				A40000000000000000000003 /* Resources */,
			);
			buildRules = (
			);
			dependencies = (
			);
			name = ClaudeNotify;
			productName = ClaudeNotify;
			productReference = A30000000000000000000001 /* ClaudeNotify.app */;
			productType = "com.apple.product-type.application";
		};
/* End PBXNativeTarget section */

/* Begin PBXProject section */
		A70000000000000000000001 /* Project object */ = {
			isa = PBXProject;
			attributes = {
				BuildIndependentTargetsInParallel = 1;
				LastSwiftUpdateCheck = 1540;
				LastUpgradeCheck = 1540;
			};
			buildConfigurationList = A80000000000000000000001 /* Build configuration list for PBXProject "ClaudeNotify" */;
			compatibilityVersion = "Xcode 14.0";
			developmentRegion = en;
			hasScannedForEncodings = 0;
			knownRegions = (
				en,
				Base,
			);
			mainGroup = A50000000000000000000001 /* Root */;
			productRefGroup = A50000000000000000000003 /* Products */;
			projectDirPath = "";
			projectRoot = "";
			targets = (
				A60000000000000000000001 /* ClaudeNotify */,
			);
		};
/* End PBXProject section */

/* Begin PBXSourcesBuildPhase section */
		A40000000000000000000001 /* Sources */ = {
			isa = PBXSourcesBuildPhase;
			buildActionMask = 2147483647;
			files = (
				A10000000000000000000001 /* ClaudeNotifyApp.swift in Sources */,
				A10000000000000000000002 /* HTTPParser.swift in Sources */,
				A10000000000000000000003 /* HTTPServer.swift in Sources */,
				A10000000000000000000004 /* HookPayload.swift in Sources */,
				A10000000000000000000005 /* Models.swift in Sources */,
				A10000000000000000000006 /* NotificationManager.swift in Sources */,
				A10000000000000000000007 /* HistoryStore.swift in Sources */,
				A10000000000000000000008 /* SettingsStore.swift in Sources */,
				A10000000000000000000009 /* SettingsManager.swift in Sources */,
				A1000000000000000000000A /* MenuBarView.swift in Sources */,
				A1000000000000000000000B /* HistoryRowView.swift in Sources */,

				A10000000000000000000010 /* FloatingNotificationManager.swift in Sources */,
				A10000000000000000000011 /* FloatingNotificationViewModel.swift in Sources */,
				A10000000000000000000012 /* FloatingNotificationView.swift in Sources */,
				A10000000000000000000013 /* NotificationStackViewModel.swift in Sources */,
				A10000000000000000000014 /* NotificationStackView.swift in Sources */,
				A10000000000000000000015 /* TranscriptReader.swift in Sources */,
				A10000000000000000000016 /* PassThroughWindow.swift in Sources */,
				A10000000000000000000018 /* ManagementWindow.swift in Sources */,
				A10000000000000000000019 /* ManagementView.swift in Sources */,

				A1000000000000000000001D /* NotificationHistoryView.swift in Sources */,
				A1000000000000000000001E /* SettingsWatcher.swift in Sources */,
				A1000000000000000000001F /* ConfigView.swift in Sources */,
				A10000000000000000000020 /* MenuPanelLayout.swift in Sources */,
				A10000000000000000000021 /* PanelFocusAutoCloser.swift in Sources */,
				A10000000000000000000022 /* CodeTextEditor.swift in Sources */,
			);
			runOnlyForDeploymentPostprocessing = 0;
		};
/* End PBXSourcesBuildPhase section */

/* Begin XCBuildConfiguration section */
		A90000000000000000000001 /* Debug */ = {
			isa = XCBuildConfiguration;
			buildSettings = {
				ALWAYS_SEARCH_USER_PATHS = NO;
				ASSETCATALOG_COMPILER_GENERATE_SWIFT_ASSET_SYMBOL_EXTENSIONS = YES;
				CLANG_ANALYZER_NONNULL = YES;
				CLANG_CXX_LANGUAGE_STANDARD = "gnu++20";
				CLANG_ENABLE_MODULES = YES;
				CLANG_ENABLE_OBJC_ARC = YES;
				COPY_PHASE_STRIP = NO;
				DEBUG_INFORMATION_FORMAT = dwarf;
				ENABLE_STRICT_OBJC_MSGSEND = YES;
				ENABLE_TESTABILITY = YES;
				GCC_DYNAMIC_NO_PIC = NO;
				GCC_NO_COMMON_BLOCKS = YES;
				GCC_OPTIMIZATION_LEVEL = 0;
				GCC_PREPROCESSOR_DEFINITIONS = (
					"DEBUG=1",
					"$(inherited)",
				);
				GCC_WARN_64_TO_32_BIT_CONVERSION = YES;
				GCC_WARN_ABOUT_RETURN_TYPE = YES_ERROR;
				GCC_WARN_UNDECLARED_SELECTOR = YES;
				GCC_WARN_UNINITIALIZED_AUTOS = YES_AGGRESSIVE;
				GCC_WARN_UNUSED_FUNCTION = YES;
				GCC_WARN_UNUSED_VARIABLE = YES;
				MACOSX_DEPLOYMENT_TARGET = 14.0;
				MTL_ENABLE_DEBUG_INFO = INCLUDE_SOURCE;
				MTL_FAST_MATH = YES;
				ONLY_ACTIVE_ARCH = YES;
				SDKROOT = macosx;
				SWIFT_ACTIVE_COMPILATION_CONDITIONS = "DEBUG $(inherited)";
				SWIFT_OPTIMIZATION_LEVEL = "-Onone";
			};
			name = Debug;
		};
		A90000000000000000000002 /* Release */ = {
			isa = XCBuildConfiguration;
			buildSettings = {
				ALWAYS_SEARCH_USER_PATHS = NO;
				ASSETCATALOG_COMPILER_GENERATE_SWIFT_ASSET_SYMBOL_EXTENSIONS = YES;
				CLANG_ANALYZER_NONNULL = YES;
				CLANG_CXX_LANGUAGE_STANDARD = "gnu++20";
				CLANG_ENABLE_MODULES = YES;
				CLANG_ENABLE_OBJC_ARC = YES;
				COPY_PHASE_STRIP = NO;
				DEBUG_INFORMATION_FORMAT = "dwarf-with-dsym";
				ENABLE_NS_ASSERTIONS = NO;
				ENABLE_STRICT_OBJC_MSGSEND = YES;
				GCC_NO_COMMON_BLOCKS = YES;
				GCC_WARN_64_TO_32_BIT_CONVERSION = YES;
				GCC_WARN_ABOUT_RETURN_TYPE = YES_ERROR;
				GCC_WARN_UNDECLARED_SELECTOR = YES;
				GCC_WARN_UNINITIALIZED_AUTOS = YES_AGGRESSIVE;
				GCC_WARN_UNUSED_FUNCTION = YES;
				GCC_WARN_UNUSED_VARIABLE = YES;
				MACOSX_DEPLOYMENT_TARGET = 14.0;
				MTL_FAST_MATH = YES;
				SDKROOT = macosx;
				SWIFT_COMPILATION_MODE = wholemodule;
			};
			name = Release;
		};
		AA0000000000000000000001 /* Debug */ = {
			isa = XCBuildConfiguration;
			buildSettings = {
				ASSETCATALOG_COMPILER_APPICON_NAME = AppIcon;
				CODE_SIGN_ENTITLEMENTS = "";
				CODE_SIGN_STYLE = Automatic;
				COMBINE_HIDPI_IMAGES = YES;
				CURRENT_PROJECT_VERSION = 9;
				DEVELOPMENT_TEAM = "";
				ENABLE_HARDENED_RUNTIME = YES;
				GENERATE_INFOPLIST_FILE = NO;
				INFOPLIST_FILE = ClaudeNotify/Info.plist;
				INFOPLIST_KEY_CFBundleIconName = AppIcon;
				INFOPLIST_KEY_NSHumanReadableCopyright = "Copyright © 2025 ClaudeNotify Contributors. MIT License.";
				LD_RUNPATH_SEARCH_PATHS = (
					"$(inherited)",
					"@executable_path/../Frameworks",
				);
				MARKETING_VERSION = 1.1.0;
				PRODUCT_BUNDLE_IDENTIFIER = com.claude-notify.app;
				PRODUCT_NAME = "$(TARGET_NAME)";
				SWIFT_EMIT_LOC_STRINGS = YES;
				SWIFT_VERSION = 5.0;
			};
			name = Debug;
		};
		AA0000000000000000000002 /* Release */ = {
			isa = XCBuildConfiguration;
			buildSettings = {
				ASSETCATALOG_COMPILER_APPICON_NAME = AppIcon;
				CODE_SIGN_ENTITLEMENTS = "";
				CODE_SIGN_STYLE = Automatic;
				COMBINE_HIDPI_IMAGES = YES;
				CURRENT_PROJECT_VERSION = 9;
				DEVELOPMENT_TEAM = "";
				ENABLE_HARDENED_RUNTIME = YES;
				GENERATE_INFOPLIST_FILE = NO;
				INFOPLIST_FILE = ClaudeNotify/Info.plist;
				INFOPLIST_KEY_CFBundleIconName = AppIcon;
				INFOPLIST_KEY_NSHumanReadableCopyright = "Copyright © 2025 ClaudeNotify Contributors. MIT License.";
				LD_RUNPATH_SEARCH_PATHS = (
					"$(inherited)",
					"@executable_path/../Frameworks",
				);
				MARKETING_VERSION = 1.1.0;
				PRODUCT_BUNDLE_IDENTIFIER = com.claude-notify.app;
				PRODUCT_NAME = "$(TARGET_NAME)";
				SWIFT_EMIT_LOC_STRINGS = YES;
				SWIFT_VERSION = 5.0;
			};
			name = Release;
		};
/* End XCBuildConfiguration section */

/* Begin XCConfigurationList section */
		A80000000000000000000001 /* Build configuration list for PBXProject "ClaudeNotify" */ = {
			isa = XCConfigurationList;
			buildConfigurations = (
				A90000000000000000000001 /* Debug */,
				A90000000000000000000002 /* Release */,
			);
			defaultConfigurationIsVisible = 0;
			defaultConfigurationName = Release;
		};
		A80000000000000000000002 /* Build configuration list for PBXNativeTarget "ClaudeNotify" */ = {
			isa = XCConfigurationList;
			buildConfigurations = (
				AA0000000000000000000001 /* Debug */,
				AA0000000000000000000002 /* Release */,
			);
			defaultConfigurationIsVisible = 0;
			defaultConfigurationName = Release;
		};
/* End XCConfigurationList section */
	};
	rootObject = A70000000000000000000001 /* Project object */;
}
